
Microsoft Visual Studio Solution File, Format Version 12.00
# Visual Studio Version 16
VisualStudioVersion = 16.0.31624.102
MinimumVisualStudioVersion = 10.0.40219.1
Project("{FAE04EC0-301F-11D3-BF4B-00C04F79EFBC}") = "DiceRollerApplication", "DiceRollerApplication\DiceRollerApplication.csproj", "{49563F1B-2DC1-492D-A828-00CEBC7D7DE4}"
EndProject
Global
	GlobalSection(SolutionConfigurationPlatforms) = preSolution
		Debug|Any CPU = Debug|Any CPU
		Release|Any CPU = Release|Any CPU
	EndGlobalSection
	GlobalSection(ProjectConfigurationPlatforms) = postSolution
		{49563F1B-2DC1-492D-A828-00CEBC7D7DE4}.Debug|Any CPU.ActiveCfg = Debug|Any CPU
		{49563F1B-2DC1-492D-A828-00CEBC7D7DE4}.Debug|Any CPU.Build.0 = Debug|Any CPU
		{49563F1B-2DC1-492D-A828-00CEBC7D7DE4}.Release|Any CPU.ActiveCfg = Release|Any CPU
		{49563F1B-2DC1-492D-A828-00CEBC7D7DE4}.Release|Any CPU.Build.0 = Release|Any CPU
	EndGlobalSection
	GlobalSection(SolutionProperties) = preSolution
		HideSolutionNode = FALSE
	EndGlobalSection
	GlobalSection(ExtensibilityGlobals) = postSolution
		SolutionGuid = {68058406-D944-4558-95B5-054639248E5C}
	EndGlobalSection
EndGlobal
